// !$*UTF8*$!
{
	archiveVersion = 1;
	classes = {
	};
	objectVersion = 46;
	objects = {

/* Begin PBXBuildFile section */
		1C0813C114B249B10040F619 /* Default.png in Resources */ = {isa = PBXBuildFile; fileRef = 1C0813C014B249B10040F619 /* Default.png */; };
		1C0813C814B24AA30040F619 /* Icon.png in Resources */ = {isa = PBXBuildFile; fileRef = 1C0813C714B24AA30040F619 /* Icon.png */; };
		1C125B0614D90F4500695103 /* AVFoundation.framework in Frameworks */ = {isa = PBXBuildFile; fileRef = 1C125B0514D90F4500695103 /* AVFoundation.framework */; };
		1C31EF9113E396C800CC3E87 /* UIKit.framework in Frameworks */ = {isa = PBXBuildFile; fileRef = 1C31EF9013E396C800CC3E87 /* UIKit.framework */; };
		1C31EF9313E396C800CC3E87 /* Foundation.framework in Frameworks */ = {isa = PBXBuildFile; fileRef = 1C31EF9213E396C800CC3E87 /* Foundation.framework */; };
		1C31EF9513E396C800CC3E87 /* CoreGraphics.framework in Frameworks */ = {isa = PBXBuildFile; fileRef = 1C31EF9413E396C800CC3E87 /* CoreGraphics.framework */; };
		1C31EF9B13E396C800CC3E87 /* InfoPlist.strings in Resources */ = {isa = PBXBuildFile; fileRef = 1C31EF9913E396C800CC3E87 /* InfoPlist.strings */; };
		1C31EF9E13E396C800CC3E87 /* main.m in Sources */ = {isa = PBXBuildFile; fileRef = 1C31EF9D13E396C800CC3E87 /* main.m */; };
		1C31EFA113E396C800CC3E87 /* CityChurchSFAppDelegate.m in Sources */ = {isa = PBXBuildFile; fileRef = 1C31EFA013E396C800CC3E87 /* CityChurchSFAppDelegate.m */; };
		1C31EFA413E396C800CC3E87 /* MainWindow.xib in Resources */ = {isa = PBXBuildFile; fileRef = 1C31EFA213E396C800CC3E87 /* MainWindow.xib */; };
		1C31EFB213E39B2100CC3E87 /* CityChurchImage1.png in Resources */ = {isa = PBXBuildFile; fileRef = 1C31EFB113E39B2100CC3E87 /* CityChurchImage1.png */; };
		1C31EFB613E39D9D00CC3E87 /* ServiceLocations.m in Sources */ = {isa = PBXBuildFile; fileRef = 1C31EFB413E39D9D00CC3E87 /* ServiceLocations.m */; };
		1C31EFB713E39D9D00CC3E87 /* ServiceLocations.xib in Resources */ = {isa = PBXBuildFile; fileRef = 1C31EFB513E39D9D00CC3E87 /* ServiceLocations.xib */; };
		1C31EFB913E39FC000CC3E87 /* MapKit.framework in Frameworks */ = {isa = PBXBuildFile; fileRef = 1C31EFB813E39FC000CC3E87 /* MapKit.framework */; };
		1C31EFBB13E3A3F500CC3E87 /* CoreLocation.framework in Frameworks */ = {isa = PBXBuildFile; fileRef = 1C31EFBA13E3A3F500CC3E87 /* CoreLocation.framework */; };
		1C31EFC213E3B88200CC3E87 /* CityMapAnnotation.m in Sources */ = {isa = PBXBuildFile; fileRef = 1C31EFC113E3B88200CC3E87 /* CityMapAnnotation.m */; };
		1C3A361E14B23FA200648251 /* Calendar.png in Resources */ = {isa = PBXBuildFile; fileRef = 1C3A361914B23FA200648251 /* Calendar.png */; };
		1C3A361F14B23FA200648251 /* ContactFlow.png in Resources */ = {isa = PBXBuildFile; fileRef = 1C3A361A14B23FA200648251 /* ContactFlow.png */; };
		1C3A362014B23FA200648251 /* Maps2.png in Resources */ = {isa = PBXBuildFile; fileRef = 1C3A361B14B23FA200648251 /* Maps2.png */; };
		1C3A362114B23FA200648251 /* Music.png in Resources */ = {isa = PBXBuildFile; fileRef = 1C3A361C14B23FA200648251 /* Music.png */; };
		1C3A362B14B2984700648251 /* ChurchBlog.m in Sources */ = {isa = PBXBuildFile; fileRef = 1C3A362914B2984600648251 /* ChurchBlog.m */; };
		1C3A362C14B2984700648251 /* ChurchBlog.xib in Resources */ = {isa = PBXBuildFile; fileRef = 1C3A362A14B2984600648251 /* ChurchBlog.xib */; };
		1C788BF614AB9786006F9483 /* CommunityGroup.m in Sources */ = {isa = PBXBuildFile; fileRef = 1C788BF414AB9785006F9483 /* CommunityGroup.m */; };
		1C788BF714AB9786006F9483 /* CommunityGroup.xib in Resources */ = {isa = PBXBuildFile; fileRef = 1C788BF514AB9785006F9483 /* CommunityGroup.xib */; };
		1CCCD2D0142ED31D00495CD2 /* ccsf_logo.jpg in Resources */ = {isa = PBXBuildFile; fileRef = 1CCCD2CF142ED31D00495CD2 /* ccsf_logo.jpg */; };
		1CDDD4DE148C119000CA52E1 /* RootView.m in Sources */ = {isa = PBXBuildFile; fileRef = 1CDDD4DC148C119000CA52E1 /* RootView.m */; };
		1CDDD4DF148C119000CA52E1 /* RootView.xib in Resources */ = {isa = PBXBuildFile; fileRef = 1CDDD4DD148C119000CA52E1 /* RootView.xib */; };
		1CDDD4E7148C121300CA52E1 /* ViewOne.m in Sources */ = {isa = PBXBuildFile; fileRef = 1CDDD4E2148C121300CA52E1 /* ViewOne.m */; };
		1CDDD4E8148C121300CA52E1 /* ViewOne.xib in Resources */ = {isa = PBXBuildFile; fileRef = 1CDDD4E3148C121300CA52E1 /* ViewOne.xib */; };
		1CDDD4E9148C121300CA52E1 /* ViewTwo.m in Sources */ = {isa = PBXBuildFile; fileRef = 1CDDD4E5148C121300CA52E1 /* ViewTwo.m */; };
		1CDDD4EA148C121300CA52E1 /* ViewTwo.xib in Resources */ = {isa = PBXBuildFile; fileRef = 1CDDD4E6148C121300CA52E1 /* ViewTwo.xib */; };
		1CE6CFC01404AEC900EB2E0A /* AudioToolbox.framework in Frameworks */ = {isa = PBXBuildFile; fileRef = 1CE6CFBF1404AEC900EB2E0A /* AudioToolbox.framework */; settings = {ATTRIBUTES = (Weak, ); }; };
		1CE97C2C14EE2BF50063684D /* forward.png in Resources */ = {isa = PBXBuildFile; fileRef = 1CE97C2414EE2BF50063684D /* forward.png */; };
		1CE97C2D14EE2BF50063684D /* pause.png in Resources */ = {isa = PBXBuildFile; fileRef = 1CE97C2514EE2BF50063684D /* pause.png */; };
		1CE97C2E14EE2BF50063684D /* play.png in Resources */ = {isa = PBXBuildFile; fileRef = 1CE97C2614EE2BF50063684D /* play.png */; };
		1CE97C2F14EE2BF50063684D /* rewind.png in Resources */ = {isa = PBXBuildFile; fileRef = 1CE97C2714EE2BF50063684D /* rewind.png */; };
		1CE97C3014EE2BF50063684D /* sound_meter_background.png in Resources */ = {isa = PBXBuildFile; fileRef = 1CE97C2814EE2BF50063684D /* sound_meter_background.png */; };
		1CE97C3114EE2BF50063684D /* sound_meter_glare.png in Resources */ = {isa = PBXBuildFile; fileRef = 1CE97C2914EE2BF50063684D /* sound_meter_glare.png */; };
		1CE97C3214EE2BF50063684D /* volume_down.png in Resources */ = {isa = PBXBuildFile; fileRef = 1CE97C2A14EE2BF50063684D /* volume_down.png */; };
		1CE97C3314EE2BF50063684D /* volume_up.png in Resources */ = {isa = PBXBuildFile; fileRef = 1CE97C2B14EE2BF50063684D /* volume_up.png */; };
		1CF8EEBF14205E9200E7E6BF /* FeedParser.m in Sources */ = {isa = PBXBuildFile; fileRef = 1CF8EEBE14205E9200E7E6BF /* FeedParser.m */; };
		1CF8EEC31420698F00E7E6BF /* PlaySermon.m in Sources */ = {isa = PBXBuildFile; fileRef = 1CF8EEC11420698F00E7E6BF /* PlaySermon.m */; };
		1CF8EEC41420698F00E7E6BF /* PlaySermon.xib in Resources */ = {isa = PBXBuildFile; fileRef = 1CF8EEC21420698F00E7E6BF /* PlaySermon.xib */; };
/* End PBXBuildFile section */

/* Begin PBXFileReference section */
		1C0813C014B249B10040F619 /* Default.png */ = {isa = PBXFileReference; lastKnownFileType = image.png; path = Default.png; sourceTree = "<group>"; };
		1C0813C714B24AA30040F619 /* Icon.png */ = {isa = PBXFileReference; lastKnownFileType = image.png; path = Icon.png; sourceTree = "<group>"; };
		1C125B0514D90F4500695103 /* AVFoundation.framework */ = {isa = PBXFileReference; lastKnownFileType = wrapper.framework; name = AVFoundation.framework; path = System/Library/Frameworks/AVFoundation.framework; sourceTree = SDKROOT; };
		1C31EF8C13E396C700CC3E87 /* CityChurchSF.app */ = {isa = PBXFileReference; explicitFileType = wrapper.application; includeInIndex = 0; path = CityChurchSF.app; sourceTree = BUILT_PRODUCTS_DIR; };
		1C31EF9013E396C800CC3E87 /* UIKit.framework */ = {isa = PBXFileReference; lastKnownFileType = wrapper.framework; name = UIKit.framework; path = System/Library/Frameworks/UIKit.framework; sourceTree = SDKROOT; };
		1C31EF9213E396C800CC3E87 /* Foundation.framework */ = {isa = PBXFileReference; lastKnownFileType = wrapper.framework; name = Foundation.framework; path = System/Library/Frameworks/Foundation.framework; sourceTree = SDKROOT; };
		1C31EF9413E396C800CC3E87 /* CoreGraphics.framework */ = {isa = PBXFileReference; lastKnownFileType = wrapper.framework; name = CoreGraphics.framework; path = System/Library/Frameworks/CoreGraphics.framework; sourceTree = SDKROOT; };
		1C31EF9813E396C800CC3E87 /* CityChurchSF-Info.plist */ = {isa = PBXFileReference; lastKnownFileType = text.plist.xml; path = "CityChurchSF-Info.plist"; sourceTree = "<group>"; };
		1C31EF9A13E396C800CC3E87 /* en */ = {isa = PBXFileReference; lastKnownFileType = text.plist.strings; name = en; path = en.lproj/InfoPlist.strings; sourceTree = "<group>"; };
		1C31EF9C13E396C800CC3E87 /* CityChurchSF-Prefix.pch */ = {isa = PBXFileReference; lastKnownFileType = sourcecode.c.h; path = "CityChurchSF-Prefix.pch"; sourceTree = "<group>"; };
		1C31EF9D13E396C800CC3E87 /* main.m */ = {isa = PBXFileReference; lastKnownFileType = sourcecode.c.objc; path = main.m; sourceTree = "<group>"; };
		1C31EF9F13E396C800CC3E87 /* CityChurchSFAppDelegate.h */ = {isa = PBXFileReference; lastKnownFileType = sourcecode.c.h; path = CityChurchSFAppDelegate.h; sourceTree = "<group>"; };
		1C31EFA013E396C800CC3E87 /* CityChurchSFAppDelegate.m */ = {isa = PBXFileReference; lastKnownFileType = sourcecode.c.objc; path = CityChurchSFAppDelegate.m; sourceTree = "<group>"; };
		1C31EFA313E396C800CC3E87 /* en */ = {isa = PBXFileReference; lastKnownFileType = file.xib; name = en; path = en.lproj/MainWindow.xib; sourceTree = "<group>"; };
		1C31EFB113E39B2100CC3E87 /* CityChurchImage1.png */ = {isa = PBXFileReference; lastKnownFileType = image.png; path = CityChurchImage1.png; sourceTree = "<group>"; };
		1C31EFB313E39D9C00CC3E87 /* ServiceLocations.h */ = {isa = PBXFileReference; fileEncoding = 4; lastKnownFileType = sourcecode.c.h; path = ServiceLocations.h; sourceTree = "<group>"; };
		1C31EFB413E39D9D00CC3E87 /* ServiceLocations.m */ = {isa = PBXFileReference; fileEncoding = 4; lastKnownFileType = sourcecode.c.objc; path = ServiceLocations.m; sourceTree = "<group>"; };
		1C31EFB513E39D9D00CC3E87 /* ServiceLocations.xib */ = {isa = PBXFileReference; fileEncoding = 4; lastKnownFileType = file.xib; path = ServiceLocations.xib; sourceTree = "<group>"; };
		1C31EFB813E39FC000CC3E87 /* MapKit.framework */ = {isa = PBXFileReference; lastKnownFileType = wrapper.framework; name = MapKit.framework; path = System/Library/Frameworks/MapKit.framework; sourceTree = SDKROOT; };
		1C31EFBA13E3A3F500CC3E87 /* CoreLocation.framework */ = {isa = PBXFileReference; lastKnownFileType = wrapper.framework; name = CoreLocation.framework; path = System/Library/Frameworks/CoreLocation.framework; sourceTree = SDKROOT; };
		1C31EFC013E3B88200CC3E87 /* CityMapAnnotation.h */ = {isa = PBXFileReference; fileEncoding = 4; lastKnownFileType = sourcecode.c.h; path = CityMapAnnotation.h; sourceTree = "<group>"; };
		1C31EFC113E3B88200CC3E87 /* CityMapAnnotation.m */ = {isa = PBXFileReference; fileEncoding = 4; lastKnownFileType = sourcecode.c.objc; path = CityMapAnnotation.m; sourceTree = "<group>"; };
		1C3A361914B23FA200648251 /* Calendar.png */ = {isa = PBXFileReference; lastKnownFileType = image.png; path = Calendar.png; sourceTree = "<group>"; };
		1C3A361A14B23FA200648251 /* ContactFlow.png */ = {isa = PBXFileReference; lastKnownFileType = image.png; path = ContactFlow.png; sourceTree = "<group>"; };
		1C3A361B14B23FA200648251 /* Maps2.png */ = {isa = PBXFileReference; lastKnownFileType = image.png; path = Maps2.png; sourceTree = "<group>"; };
		1C3A361C14B23FA200648251 /* Music.png */ = {isa = PBXFileReference; lastKnownFileType = image.png; path = Music.png; sourceTree = "<group>"; };
		1C3A362814B2984600648251 /* ChurchBlog.h */ = {isa = PBXFileReference; fileEncoding = 4; lastKnownFileType = sourcecode.c.h; path = ChurchBlog.h; sourceTree = "<group>"; };
		1C3A362914B2984600648251 /* ChurchBlog.m */ = {isa = PBXFileReference; fileEncoding = 4; lastKnownFileType = sourcecode.c.objc; path = ChurchBlog.m; sourceTree = "<group>"; };
		1C3A362A14B2984600648251 /* ChurchBlog.xib */ = {isa = PBXFileReference; fileEncoding = 4; lastKnownFileType = file.xib; path = ChurchBlog.xib; sourceTree = "<group>"; };
		1C788BF314AB9784006F9483 /* CommunityGroup.h */ = {isa = PBXFileReference; fileEncoding = 4; lastKnownFileType = sourcecode.c.h; path = CommunityGroup.h; sourceTree = "<group>"; };
		1C788BF414AB9785006F9483 /* CommunityGroup.m */ = {isa = PBXFileReference; fileEncoding = 4; lastKnownFileType = sourcecode.c.objc; path = CommunityGroup.m; sourceTree = "<group>"; };
		1C788BF514AB9785006F9483 /* CommunityGroup.xib */ = {isa = PBXFileReference; fileEncoding = 4; lastKnownFileType = file.xib; path = CommunityGroup.xib; sourceTree = "<group>"; };
		1CCCD2CF142ED31D00495CD2 /* ccsf_logo.jpg */ = {isa = PBXFileReference; lastKnownFileType = image.jpeg; path = ccsf_logo.jpg; sourceTree = "<group>"; };
		1CDDD4DB148C119000CA52E1 /* RootView.h */ = {isa = PBXFileReference; fileEncoding = 4; lastKnownFileType = sourcecode.c.h; path = RootView.h; sourceTree = "<group>"; };
		1CDDD4DC148C119000CA52E1 /* RootView.m */ = {isa = PBXFileReference; fileEncoding = 4; lastKnownFileType = sourcecode.c.objc; path = RootView.m; sourceTree = "<group>"; };
		1CDDD4DD148C119000CA52E1 /* RootView.xib */ = {isa = PBXFileReference; fileEncoding = 4; lastKnownFileType = file.xib; path = RootView.xib; sourceTree = "<group>"; };
		1CDDD4E1148C121300CA52E1 /* ViewOne.h */ = {isa = PBXFileReference; fileEncoding = 4; lastKnownFileType = sourcecode.c.h; path = ViewOne.h; sourceTree = "<group>"; };
		1CDDD4E2148C121300CA52E1 /* ViewOne.m */ = {isa = PBXFileReference; fileEncoding = 4; lastKnownFileType = sourcecode.c.objc; path = ViewOne.m; sourceTree = "<group>"; };
		1CDDD4E3148C121300CA52E1 /* ViewOne.xib */ = {isa = PBXFileReference; fileEncoding = 4; lastKnownFileType = file.xib; path = ViewOne.xib; sourceTree = "<group>"; };
		1CDDD4E4148C121300CA52E1 /* ViewTwo.h */ = {isa = PBXFileReference; fileEncoding = 4; lastKnownFileType = sourcecode.c.h; path = ViewTwo.h; sourceTree = "<group>"; };
		1CDDD4E5148C121300CA52E1 /* ViewTwo.m */ = {isa = PBXFileReference; fileEncoding = 4; lastKnownFileType = sourcecode.c.objc; path = ViewTwo.m; sourceTree = "<group>"; };
		1CDDD4E6148C121300CA52E1 /* ViewTwo.xib */ = {isa = PBXFileReference; fileEncoding = 4; lastKnownFileType = file.xib; path = ViewTwo.xib; sourceTree = "<group>"; };
		1CE6CFBF1404AEC900EB2E0A /* AudioToolbox.framework */ = {isa = PBXFileReference; lastKnownFileType = wrapper.framework; name = AudioToolbox.framework; path = System/Library/Frameworks/AudioToolbox.framework; sourceTree = SDKROOT; };
		1CE97C2414EE2BF50063684D /* forward.png */ = {isa = PBXFileReference; lastKnownFileType = image.png; path = forward.png; sourceTree = "<group>"; };
		1CE97C2514EE2BF50063684D /* pause.png */ = {isa = PBXFileReference; lastKnownFileType = image.png; path = pause.png; sourceTree = "<group>"; };
		1CE97C2614EE2BF50063684D /* play.png */ = {isa = PBXFileReference; lastKnownFileType = image.png; path = play.png; sourceTree = "<group>"; };
		1CE97C2714EE2BF50063684D /* rewind.png */ = {isa = PBXFileReference; lastKnownFileType = image.png; path = rewind.png; sourceTree = "<group>"; };
		1CE97C2814EE2BF50063684D /* sound_meter_background.png */ = {isa = PBXFileReference; lastKnownFileType = image.png; path = sound_meter_background.png; sourceTree = "<group>"; };
		1CE97C2914EE2BF50063684D /* sound_meter_glare.png */ = {isa = PBXFileReference; lastKnownFileType = image.png; path = sound_meter_glare.png; sourceTree = "<group>"; };
		1CE97C2A14EE2BF50063684D /* volume_down.png */ = {isa = PBXFileReference; lastKnownFileType = image.png; path = volume_down.png; sourceTree = "<group>"; };
		1CE97C2B14EE2BF50063684D /* volume_up.png */ = {isa = PBXFileReference; lastKnownFileType = image.png; path = volume_up.png; sourceTree = "<group>"; };
		1CF8EEBD14205E9200E7E6BF /* FeedParser.h */ = {isa = PBXFileReference; fileEncoding = 4; lastKnownFileType = sourcecode.c.h; path = FeedParser.h; sourceTree = "<group>"; };
		1CF8EEBE14205E9200E7E6BF /* FeedParser.m */ = {isa = PBXFileReference; fileEncoding = 4; lastKnownFileType = sourcecode.c.objc; path = FeedParser.m; sourceTree = "<group>"; };
		1CF8EEC01420698F00E7E6BF /* PlaySermon.h */ = {isa = PBXFileReference; fileEncoding = 4; lastKnownFileType = sourcecode.c.h; path = PlaySermon.h; sourceTree = "<group>"; };
		1CF8EEC11420698F00E7E6BF /* PlaySermon.m */ = {isa = PBXFileReference; fileEncoding = 4; lastKnownFileType = sourcecode.c.objc; path = PlaySermon.m; sourceTree = "<group>"; };
		1CF8EEC21420698F00E7E6BF /* PlaySermon.xib */ = {isa = PBXFileReference; fileEncoding = 4; lastKnownFileType = file.xib; path = PlaySermon.xib; sourceTree = "<group>"; };
/* End PBXFileReference section */

/* Begin PBXFrameworksBuildPhase section */
		1C31EF8913E396C700CC3E87 /* Frameworks */ = {
			isa = PBXFrameworksBuildPhase;
			buildActionMask = 2147483647;
			files = (
				1C125B0614D90F4500695103 /* AVFoundation.framework in Frameworks */,
				1CE6CFC01404AEC900EB2E0A /* AudioToolbox.framework in Frameworks */,
				1C31EFBB13E3A3F500CC3E87 /* CoreLocation.framework in Frameworks */,
				1C31EFB913E39FC000CC3E87 /* MapKit.framework in Frameworks */,
				1C31EF9113E396C800CC3E87 /* UIKit.framework in Frameworks */,
				1C31EF9313E396C800CC3E87 /* Foundation.framework in Frameworks */,
				1C31EF9513E396C800CC3E87 /* CoreGraphics.framework in Frameworks */,
			);
			runOnlyForDeploymentPostprocessing = 0;
		};
/* End PBXFrameworksBuildPhase section */

/* Begin PBXGroup section */
		1C31EF8113E396C700CC3E87 = {
			isa = PBXGroup;
			children = (
				1C31EF9613E396C800CC3E87 /* CityChurchSF */,
				1C31EF8F13E396C800CC3E87 /* Frameworks */,
				1C31EF8D13E396C700CC3E87 /* Products */,
			);
			sourceTree = "<group>";
		};
		1C31EF8D13E396C700CC3E87 /* Products */ = {
			isa = PBXGroup;
			children = (
				1C31EF8C13E396C700CC3E87 /* CityChurchSF.app */,
			);
			name = Products;
			sourceTree = "<group>";
		};
		1C31EF8F13E396C800CC3E87 /* Frameworks */ = {
			isa = PBXGroup;
			children = (
				1CE6CFBF1404AEC900EB2E0A /* AudioToolbox.framework */,
				1C125B0514D90F4500695103 /* AVFoundation.framework */,
				1C31EFBA13E3A3F500CC3E87 /* CoreLocation.framework */,
				1C31EFB813E39FC000CC3E87 /* MapKit.framework */,
				1C31EF9013E396C800CC3E87 /* UIKit.framework */,
				1C31EF9213E396C800CC3E87 /* Foundation.framework */,
				1C31EF9413E396C800CC3E87 /* CoreGraphics.framework */,
			);
			name = Frameworks;
			sourceTree = "<group>";
		};
		1C31EF9613E396C800CC3E87 /* CityChurchSF */ = {
			isa = PBXGroup;
			children = (
				1C3A362814B2984600648251 /* ChurchBlog.h */,
				1C3A362914B2984600648251 /* ChurchBlog.m */,
				1C3A362A14B2984600648251 /* ChurchBlog.xib */,
				1C31EF9C13E396C800CC3E87 /* CityChurchSF-Prefix.pch */,
				1C31EF9D13E396C800CC3E87 /* main.m */,
				1CDDD4E1148C121300CA52E1 /* ViewOne.h */,
				1CDDD4E2148C121300CA52E1 /* ViewOne.m */,
				1CDDD4E3148C121300CA52E1 /* ViewOne.xib */,
				1CDDD4E4148C121300CA52E1 /* ViewTwo.h */,
				1CDDD4E5148C121300CA52E1 /* ViewTwo.m */,
				1CDDD4E6148C121300CA52E1 /* ViewTwo.xib */,
				1CDDD4DB148C119000CA52E1 /* RootView.h */,
				1CDDD4DC148C119000CA52E1 /* RootView.m */,
				1CDDD4DD148C119000CA52E1 /* RootView.xib */,
				1C31EF9F13E396C800CC3E87 /* CityChurchSFAppDelegate.h */,
				1C31EFA013E396C800CC3E87 /* CityChurchSFAppDelegate.m */,
				1C31EFA213E396C800CC3E87 /* MainWindow.xib */,
				1CF8EEC21420698F00E7E6BF /* PlaySermon.xib */,
				1C31EF9713E396C800CC3E87 /* Supporting Files */,
				1C31EFB313E39D9C00CC3E87 /* ServiceLocations.h */,
				1C31EFB413E39D9D00CC3E87 /* ServiceLocations.m */,
				1C31EFB513E39D9D00CC3E87 /* ServiceLocations.xib */,
				1C31EFC013E3B88200CC3E87 /* CityMapAnnotation.h */,
				1C31EFC113E3B88200CC3E87 /* CityMapAnnotation.m */,
				1CF8EEBD14205E9200E7E6BF /* FeedParser.h */,
				1CF8EEBE14205E9200E7E6BF /* FeedParser.m */,
				1CF8EEC01420698F00E7E6BF /* PlaySermon.h */,
				1CF8EEC11420698F00E7E6BF /* PlaySermon.m */,
				1C788BF314AB9784006F9483 /* CommunityGroup.h */,
				1C788BF414AB9785006F9483 /* CommunityGroup.m */,
				1C788BF514AB9785006F9483 /* CommunityGroup.xib */,
			);
			path = CityChurchSF;
			sourceTree = "<group>";
		};
		1C31EF9713E396C800CC3E87 /* Supporting Files */ = {
			isa = PBXGroup;
			children = (
				1CE97C2414EE2BF50063684D /* forward.png */,
				1CE97C2514EE2BF50063684D /* pause.png */,
				1CE97C2614EE2BF50063684D /* play.png */,
				1CE97C2714EE2BF50063684D /* rewind.png */,
				1CE97C2814EE2BF50063684D /* sound_meter_background.png */,
				1CE97C2914EE2BF50063684D /* sound_meter_glare.png */,
				1CE97C2A14EE2BF50063684D /* volume_down.png */,
				1CE97C2B14EE2BF50063684D /* volume_up.png */,
				1C0813C714B24AA30040F619 /* Icon.png */,
				1CCCD2CF142ED31D00495CD2 /* ccsf_logo.jpg */,
				1C31EF9813E396C800CC3E87 /* CityChurchSF-Info.plist */,
				1C3A361914B23FA200648251 /* Calendar.png */,
				1C31EFB113E39B2100CC3E87 /* CityChurchImage1.png */,
				1C3A361A14B23FA200648251 /* ContactFlow.png */,
				1C0813C014B249B10040F619 /* Default.png */,
				1C3A361B14B23FA200648251 /* Maps2.png */,
				1C3A361C14B23FA200648251 /* Music.png */,
				1C31EF9913E396C800CC3E87 /* InfoPlist.strings */,
			);
			name = "Supporting Files";
			sourceTree = "<group>";
		};
/* End PBXGroup section */

/* Begin PBXNativeTarget section */
		1C31EF8B13E396C700CC3E87 /* CityChurchSF */ = {
			isa = PBXNativeTarget;
			buildConfigurationList = 1C31EFA713E396C800CC3E87 /* Build configuration list for PBXNativeTarget "CityChurchSF" */;
			buildPhases = (
				1C31EF8813E396C700CC3E87 /* Sources */,
				1C31EF8913E396C700CC3E87 /* Frameworks */,
				1C31EF8A13E396C700CC3E87 /* Resources */,
			);
			buildRules = (
			);
			dependencies = (
			);
			name = CityChurchSF;
			productName = CityChurchSF;
			productReference = 1C31EF8C13E396C700CC3E87 /* CityChurchSF.app */;
			productType = "com.apple.product-type.application";
		};
/* End PBXNativeTarget section */

/* Begin PBXProject section */
		1C31EF8313E396C700CC3E87 /* Project object */ = {
			isa = PBXProject;
			attributes = {
				LastUpgradeCheck = 0420;
			};
			buildConfigurationList = 1C31EF8613E396C700CC3E87 /* Build configuration list for PBXProject "CityChurchSF" */;
			compatibilityVersion = "Xcode 3.2";
			developmentRegion = English;
			hasScannedForEncodings = 0;
			knownRegions = (
				en,
			);
			mainGroup = 1C31EF8113E396C700CC3E87;
			productRefGroup = 1C31EF8D13E396C700CC3E87 /* Products */;
			projectDirPath = "";
			projectRoot = "";
			targets = (
				1C31EF8B13E396C700CC3E87 /* CityChurchSF */,
			);
		};
/* End PBXProject section */

/* Begin PBXResourcesBuildPhase section */
		1C31EF8A13E396C700CC3E87 /* Resources */ = {
			isa = PBXResourcesBuildPhase;
			buildActionMask = 2147483647;
			files = (
				1C31EF9B13E396C800CC3E87 /* InfoPlist.strings in Resources */,
				1C31EFA413E396C800CC3E87 /* MainWindow.xib in Resources */,
				1C31EFB213E39B2100CC3E87 /* CityChurchImage1.png in Resources */,
				1C31EFB713E39D9D00CC3E87 /* ServiceLocations.xib in Resources */,
				1CF8EEC41420698F00E7E6BF /* PlaySermon.xib in Resources */,
				1CCCD2D0142ED31D00495CD2 /* ccsf_logo.jpg in Resources */,
				1CDDD4DF148C119000CA52E1 /* RootView.xib in Resources */,
				1CDDD4E8148C121300CA52E1 /* ViewOne.xib in Resources */,
				1CDDD4EA148C121300CA52E1 /* ViewTwo.xib in Resources */,
				1C788BF714AB9786006F9483 /* CommunityGroup.xib in Resources */,
				1C3A361E14B23FA200648251 /* Calendar.png in Resources */,
				1C3A361F14B23FA200648251 /* ContactFlow.png in Resources */,
				1C3A362014B23FA200648251 /* Maps2.png in Resources */,
				1C3A362114B23FA200648251 /* Music.png in Resources */,
				1C0813C114B249B10040F619 /* Default.png in Resources */,
				1C0813C814B24AA30040F619 /* Icon.png in Resources */,
				1C3A362C14B2984700648251 /* ChurchBlog.xib in Resources */,
				1CE97C2C14EE2BF50063684D /* forward.png in Resources */,
				1CE97C2D14EE2BF50063684D /* pause.png in Resources */,
				1CE97C2E14EE2BF50063684D /* play.png in Resources */,
				1CE97C2F14EE2BF50063684D /* rewind.png in Resources */,
				1CE97C3014EE2BF50063684D /* sound_meter_background.png in Resources */,
				1CE97C3114EE2BF50063684D /* sound_meter_glare.png in Resources */,
				1CE97C3214EE2BF50063684D /* volume_down.png in Resources */,
				1CE97C3314EE2BF50063684D /* volume_up.png in Resources */,
			);
			runOnlyForDeploymentPostprocessing = 0;
		};
/* End PBXResourcesBuildPhase section */

/* Begin PBXSourcesBuildPhase section */
		1C31EF8813E396C700CC3E87 /* Sources */ = {
			isa = PBXSourcesBuildPhase;
			buildActionMask = 2147483647;
			files = (
				1C31EF9E13E396C800CC3E87 /* main.m in Sources */,
				1C31EFA113E396C800CC3E87 /* CityChurchSFAppDelegate.m in Sources */,
				1C31EFB613E39D9D00CC3E87 /* ServiceLocations.m in Sources */,
				1C31EFC213E3B88200CC3E87 /* CityMapAnnotation.m in Sources */,
				1CF8EEBF14205E9200E7E6BF /* FeedParser.m in Sources */,
				1CF8EEC31420698F00E7E6BF /* PlaySermon.m in Sources */,
				1CDDD4DE148C119000CA52E1 /* RootView.m in Sources */,
				1CDDD4E7148C121300CA52E1 /* ViewOne.m in Sources */,
				1CDDD4E9148C121300CA52E1 /* ViewTwo.m in Sources */,
				1C788BF614AB9786006F9483 /* CommunityGroup.m in Sources */,
				1C3A362B14B2984700648251 /* ChurchBlog.m in Sources */,
			);
			runOnlyForDeploymentPostprocessing = 0;
		};
/* End PBXSourcesBuildPhase section */

/* Begin PBXVariantGroup section */
		1C31EF9913E396C800CC3E87 /* InfoPlist.strings */ = {
			isa = PBXVariantGroup;
			children = (
				1C31EF9A13E396C800CC3E87 /* en */,
			);
			name = InfoPlist.strings;
			sourceTree = "<group>";
		};
		1C31EFA213E396C800CC3E87 /* MainWindow.xib */ = {
			isa = PBXVariantGroup;
			children = (
				1C31EFA313E396C800CC3E87 /* en */,
			);
			name = MainWindow.xib;
			sourceTree = "<group>";
		};
/* End PBXVariantGroup section */

/* Begin XCBuildConfiguration section */
		1C31EFA513E396C800CC3E87 /* Debug */ = {
			isa = XCBuildConfiguration;
			buildSettings = {
				ARCHS = "$(ARCHS_STANDARD_32_BIT)";
				CODE_SIGN_IDENTITY = "iPhone Developer";
				"CODE_SIGN_IDENTITY[sdk=iphonesimulator*]" = "iPhone Developer";
				GCC_C_LANGUAGE_STANDARD = gnu99;
				GCC_OPTIMIZATION_LEVEL = 0;
				GCC_PREPROCESSOR_DEFINITIONS = DEBUG;
				GCC_SYMBOLS_PRIVATE_EXTERN = NO;
				GCC_VERSION = com.apple.compilers.llvmgcc42;
				GCC_WARN_ABOUT_RETURN_TYPE = YES;
				GCC_WARN_UNUSED_VARIABLE = YES;
				IPHONEOS_DEPLOYMENT_TARGET = 4.0;
				PROVISIONING_PROFILE = "";
				"PROVISIONING_PROFILE[sdk=iphonesimulator*]" = "";
				SDKROOT = iphoneos;
			};
			name = Debug;
		};
		1C31EFA613E396C800CC3E87 /* Release */ = {
			isa = XCBuildConfiguration;
			buildSettings = {
				ARCHS = "$(ARCHS_STANDARD_32_BIT)";
				CODE_SIGN_IDENTITY = "iPhone Distribution";
				"CODE_SIGN_IDENTITY[sdk=iphoneos*]" = "iPhone Distribution";
				GCC_C_LANGUAGE_STANDARD = gnu99;
				GCC_VERSION = com.apple.compilers.llvmgcc42;
				GCC_WARN_ABOUT_RETURN_TYPE = YES;
				GCC_WARN_UNUSED_VARIABLE = YES;
				IPHONEOS_DEPLOYMENT_TARGET = 4.0;
				OTHER_CFLAGS = "-DNS_BLOCK_ASSERTIONS=1";
				PROVISIONING_PROFILE = "";
				"PROVISIONING_PROFILE[sdk=iphoneos*]" = "";
				SDKROOT = iphoneos;
			};
			name = Release;
		};
		1C31EFA813E396C800CC3E87 /* Debug */ = {
			isa = XCBuildConfiguration;
			buildSettings = {
				ALWAYS_SEARCH_USER_PATHS = NO;
				COPY_PHASE_STRIP = NO;
				GCC_DYNAMIC_NO_PIC = NO;
				GCC_PRECOMPILE_PREFIX_HEADER = YES;
				GCC_PREFIX_HEADER = "CityChurchSF/CityChurchSF-Prefix.pch";
				GCC_VERSION = com.apple.compilers.llvm.clang.1_0;
				INFOPLIST_FILE = "CityChurchSF/CityChurchSF-Info.plist";
				IPHONEOS_DEPLOYMENT_TARGET = 4.0;
				PRODUCT_NAME = "$(TARGET_NAME)";
				TEST_AFTER_BUILD = YES;
				WRAPPER_EXTENSION = app;
			};
			name = Debug;
		};
		1C31EFA913E396C800CC3E87 /* Release */ = {
			isa = XCBuildConfiguration;
			buildSettings = {
				ALWAYS_SEARCH_USER_PATHS = NO;
				COPY_PHASE_STRIP = YES;
				GCC_PRECOMPILE_PREFIX_HEADER = YES;
				GCC_PREFIX_HEADER = "CityChurchSF/CityChurchSF-Prefix.pch";
				GCC_VERSION = com.apple.compilers.llvm.clang.1_0;
				INFOPLIST_FILE = "CityChurchSF/CityChurchSF-Info.plist";
				IPHONEOS_DEPLOYMENT_TARGET = 4.0;
				PRODUCT_NAME = "$(TARGET_NAME)";
				TEST_AFTER_BUILD = YES;
				VALIDATE_PRODUCT = YES;
				WRAPPER_EXTENSION = app;
			};
			name = Release;
		};
/* End XCBuildConfiguration section */

/* Begin XCConfigurationList section */
		1C31EF8613E396C700CC3E87 /* Build configuration list for PBXProject "CityChurchSF" */ = {
			isa = XCConfigurationList;
			buildConfigurations = (
				1C31EFA513E396C800CC3E87 /* Debug */,
				1C31EFA613E396C800CC3E87 /* Release */,
			);
			defaultConfigurationIsVisible = 0;
			defaultConfigurationName = Release;
		};
		1C31EFA713E396C800CC3E87 /* Build configuration list for PBXNativeTarget "CityChurchSF" */ = {
			isa = XCConfigurationList;
			buildConfigurations = (
				1C31EFA813E396C800CC3E87 /* Debug */,
				1C31EFA913E396C800CC3E87 /* Release */,
			);
			defaultConfigurationIsVisible = 0;
			defaultConfigurationName = Release;
		};
/* End XCConfigurationList section */
	};
	rootObject = 1C31EF8313E396C700CC3E87 /* Project object */;
}
